
Microsoft Visual Studio Solution File, Format Version 12.00
# Visual Studio Version 16
VisualStudioVersion = 16.0.30517.126
MinimumVisualStudioVersion = 10.0.40219.1
Project("{FAE04EC0-301F-11D3-BF4B-00C04F79EFBC}") = "Ch2 Studio", "Ch2 Studio\Ch2 Studio.csproj", "{E81E6085-C922-4C7B-BE23-AD310973FEDB}"
EndProject
Global
	GlobalSection(SolutionConfigurationPlatforms) = preSolution
		Debug|Any CPU = Debug|Any CPU
		Release|Any CPU = Release|Any CPU
	EndGlobalSection
	GlobalSection(ProjectConfigurationPlatforms) = postSolution
		{E81E6085-C922-4C7B-BE23-AD310973FEDB}.Debug|Any CPU.ActiveCfg = Debug|Any CPU
		{E81E6085-C922-4C7B-BE23-AD310973FEDB}.Debug|Any CPU.Build.0 = Debug|Any CPU
		{E81E6085-C922-4C7B-BE23-AD310973FEDB}.Release|Any CPU.ActiveCfg = Release|Any CPU
		{E81E6085-C922-4C7B-BE23-AD310973FEDB}.Release|Any CPU.Build.0 = Release|Any CPU
	EndGlobalSection
	GlobalSection(SolutionProperties) = preSolution
		HideSolutionNode = FALSE
	EndGlobalSection
	GlobalSection(ExtensibilityGlobals) = postSolution
		SolutionGuid = {C003240B-A248-4C1B-A6B4-0C51F760CCF5}
	EndGlobalSection
EndGlobal
